
Microsoft Visual Studio Solution File, Format Version 12.00
# Visual Studio Version 17
VisualStudioVersion = 17.14.37012.4
MinimumVisualStudioVersion = 10.0.40219.1
Project("{FAE04EC0-301F-11D3-BF4B-00C04F79EFBC}") = "TodoApp.Domain", "TodoApp.Domain\TodoApp.Domain.csproj", "{D0410D5C-FD1C-4ABA-921B-94AAEBA9D3CE}"
EndProject
Project("{FAE04EC0-301F-11D3-BF4B-00C04F79EFBC}") = "TodoApp.Application", "TodoApp.Application\TodoApp.Application.csproj", "{37C6AD36-3053-451A-9793-1B0D142D236F}"
EndProject
Project("{FAE04EC0-301F-11D3-BF4B-00C04F79EFBC}") = "TodoApp.Infrastructure", "TodoApp.Infrastructure\TodoApp.Infrastructure.csproj", "{A378B134-7E4A-4E85-86B6-7C6494B5B54A}"
EndProject
Project("{FAE04EC0-301F-11D3-BF4B-00C04F79EFBC}") = "TodoApp.Api", "TodoApp.Api\TodoApp.Api.csproj", "{46D7DE61-CAEF-440B-AD99-E78AAB63DD23}"
EndProject
Global
	GlobalSection(SolutionConfigurationPlatforms) = preSolution
		Debug|Any CPU = Debug|Any CPU
		Release|Any CPU = Release|Any CPU
	EndGlobalSection
	GlobalSection(ProjectConfigurationPlatforms) = postSolution
		{D0410D5C-FD1C-4ABA-921B-94AAEBA9D3CE}.Debug|Any CPU.ActiveCfg = Debug|Any CPU
		{D0410D5C-FD1C-4ABA-921B-94AAEBA9D3CE}.Debug|Any CPU.Build.0 = Debug|Any CPU
		{D0410D5C-FD1C-4ABA-921B-94AAEBA9D3CE}.Release|Any CPU.ActiveCfg = Release|Any CPU
		{D0410D5C-FD1C-4ABA-921B-94AAEBA9D3CE}.Release|Any CPU.Build.0 = Release|Any CPU
		{37C6AD36-3053-451A-9793-1B0D142D236F}.Debug|Any CPU.ActiveCfg = Debug|Any CPU
		{37C6AD36-3053-451A-9793-1B0D142D236F}.Debug|Any CPU.Build.0 = Debug|Any CPU
		{37C6AD36-3053-451A-9793-1B0D142D236F}.Release|Any CPU.ActiveCfg = Release|Any CPU
		{37C6AD36-3053-451A-9793-1B0D142D236F}.Release|Any CPU.Build.0 = Release|Any CPU
		{A378B134-7E4A-4E85-86B6-7C6494B5B54A}.Debug|Any CPU.ActiveCfg = Debug|Any CPU
		{A378B134-7E4A-4E85-86B6-7C6494B5B54A}.Debug|Any CPU.Build.0 = Debug|Any CPU
		{A378B134-7E4A-4E85-86B6-7C6494B5B54A}.Release|Any CPU.ActiveCfg = Release|Any CPU
		{A378B134-7E4A-4E85-86B6-7C6494B5B54A}.Release|Any CPU.Build.0 = Release|Any CPU
		{46D7DE61-CAEF-440B-AD99-E78AAB63DD23}.Debug|Any CPU.ActiveCfg = Debug|Any CPU
		{46D7DE61-CAEF-440B-AD99-E78AAB63DD23}.Debug|Any CPU.Build.0 = Debug|Any CPU
		{46D7DE61-CAEF-440B-AD99-E78AAB63DD23}.Release|Any CPU.ActiveCfg = Release|Any CPU
		{46D7DE61-CAEF-440B-AD99-E78AAB63DD23}.Release|Any CPU.Build.0 = Release|Any CPU
	EndGlobalSection
	GlobalSection(SolutionProperties) = preSolution
		HideSolutionNode = FALSE
	EndGlobalSection
	GlobalSection(ExtensibilityGlobals) = postSolution
		SolutionGuid = {69BD8D5C-E9F9-42AD-8FA0-ECC5D012FEA7}
	EndGlobalSection
EndGlobal
